// !$*UTF8*$!
{
	archiveVersion = 1;
	classes = {
	};
	objectVersion = 56;
	objects = {

/* Begin PBXBuildFile section */
		5B0352832BD41140001FAA5A /* AudioModule.swift in Sources */ = {isa = PBXBuildFile; fileRef = 5B0352822BD41140001FAA5A /* AudioModule.swift */; };
		5B03528A2BD43692001FAA5A /* music2.mp3 in Resources */ = {isa = PBXBuildFile; fileRef = 5B0352882BD43692001FAA5A /* music2.mp3 */; };
		5B03528B2BD43692001FAA5A /* music.mp3 in Resources */ = {isa = PBXBuildFile; fileRef = 5B0352892BD43692001FAA5A /* music.mp3 */; };
		5B22D89D2BDEC18600B556F8 /* kz_meditation.jpg in Resources */ = {isa = PBXBuildFile; fileRef = 5B22D89C2BDEC18600B556F8 /* kz_meditation.jpg */; };
		5B517AA22BD38B1E00AF42FC /* eng_meditation.mp3 in Resources */ = {isa = PBXBuildFile; fileRef = 5B517AA12BD38B1E00AF42FC /* eng_meditation.mp3 */; };
		5B8AC9362BD26DAB005304E3 /* kz_meditation.mp3 in Resources */ = {isa = PBXBuildFile; fileRef = 5B8AC9352BD26DAB005304E3 /* kz_meditation.mp3 */; };
		5B8AC9382BD26DFB005304E3 /* rus_meditation.mp3 in Resources */ = {isa = PBXBuildFile; fileRef = 5B8AC9372BD26DFB005304E3 /* rus_meditation.mp3 */; };
		5B8AC9402BD27170005304E3 /* bio-rythms.swift in Sources */ = {isa = PBXBuildFile; fileRef = 5B8AC93C2BD27170005304E3 /* bio-rythms.swift */; };
		5B8AC9412BD27170005304E3 /* ContentView.swift in Sources */ = {isa = PBXBuildFile; fileRef = 5B8AC93D2BD27170005304E3 /* ContentView.swift */; };
		5B8AC9432BD27170005304E3 /* about-us.swift in Sources */ = {isa = PBXBuildFile; fileRef = 5B8AC93F2BD27170005304E3 /* about-us.swift */; };
		5BACBD7B2BDEB87100C47C5C /* icon.jpg in Resources */ = {isa = PBXBuildFile; fileRef = 5BACBD792BDEB87100C47C5C /* icon.jpg */; };
		5BACBD7C2BDEB87100C47C5C /* bg_back.jpg in Resources */ = {isa = PBXBuildFile; fileRef = 5BACBD7A2BDEB87100C47C5C /* bg_back.jpg */; };
		5BACBD7E2BDEB93300C47C5C /* eng_meditation.jpg in Resources */ = {isa = PBXBuildFile; fileRef = 5BACBD7D2BDEB93300C47C5C /* eng_meditation.jpg */; };
		5BACBD802BDEB9D600C47C5C /* ChartView.swift in Sources */ = {isa = PBXBuildFile; fileRef = 5BACBD7F2BDEB9D600C47C5C /* ChartView.swift */; };
		5BACBD822BDEBA3B00C47C5C /* InterpolationMethod.swift in Sources */ = {isa = PBXBuildFile; fileRef = 5BACBD812BDEBA3B00C47C5C /* InterpolationMethod.swift */; };
		5BACBD842BDEBA5800C47C5C /* Data.swift in Sources */ = {isa = PBXBuildFile; fileRef = 5BACBD832BDEBA5800C47C5C /* Data.swift */; };
		5BACBD862BDEBA8700C47C5C /* ChartType.swift in Sources */ = {isa = PBXBuildFile; fileRef = 5BACBD852BDEBA8700C47C5C /* ChartType.swift */; };
		5BACBD892BDEBB0400C47C5C /* AccessibilityHelper.swift in Sources */ = {isa = PBXBuildFile; fileRef = 5BACBD882BDEBB0400C47C5C /* AccessibilityHelper.swift */; };
		5BCB92C92BCD571200300D64 /* Sleepy_HarmonyApp.swift in Sources */ = {isa = PBXBuildFile; fileRef = 5BCB92C82BCD571200300D64 /* Sleepy_HarmonyApp.swift */; };
		5BCB92CD2BCD571300300D64 /* Assets.xcassets in Resources */ = {isa = PBXBuildFile; fileRef = 5BCB92CC2BCD571300300D64 /* Assets.xcassets */; };
		5BCB92D02BCD571300300D64 /* Preview Assets.xcassets in Resources */ = {isa = PBXBuildFile; fileRef = 5BCB92CF2BCD571300300D64 /* Preview Assets.xcassets */; };
		5BEAB8262BD1965100FBE4A5 /* Q_and_A.swift in Sources */ = {isa = PBXBuildFile; fileRef = 5BEAB8232BD1965100FBE4A5 /* Q_and_A.swift */; };
		5BEAB8272BD1965100FBE4A5 /* RoundedCorner.swift in Sources */ = {isa = PBXBuildFile; fileRef = 5BEAB8242BD1965100FBE4A5 /* RoundedCorner.swift */; };
		5BEAB8282BD1965100FBE4A5 /* BottomSheetView.swift in Sources */ = {isa = PBXBuildFile; fileRef = 5BEAB8252BD1965100FBE4A5 /* BottomSheetView.swift */; };
		5BEAB8372BD1977600FBE4A5 /* zz.jpeg in Resources */ = {isa = PBXBuildFile; fileRef = 5BEAB8342BD1977600FBE4A5 /* zz.jpeg */; };
		5BEAB8382BD1977600FBE4A5 /* mm.jpeg in Resources */ = {isa = PBXBuildFile; fileRef = 5BEAB8352BD1977600FBE4A5 /* mm.jpeg */; };
		5BEAB8392BD1977600FBE4A5 /* Contact us concept.png in Resources */ = {isa = PBXBuildFile; fileRef = 5BEAB8362BD1977600FBE4A5 /* Contact us concept.png */; };
/* End PBXBuildFile section */

/* Begin PBXFileReference section */
		5B0352822BD41140001FAA5A /* AudioModule.swift */ = {isa = PBXFileReference; lastKnownFileType = sourcecode.swift; path = AudioModule.swift; sourceTree = "<group>"; };
		5B0352882BD43692001FAA5A /* music2.mp3 */ = {isa = PBXFileReference; lastKnownFileType = audio.mp3; path = music2.mp3; sourceTree = "<group>"; };
		5B0352892BD43692001FAA5A /* music.mp3 */ = {isa = PBXFileReference; lastKnownFileType = audio.mp3; path = music.mp3; sourceTree = "<group>"; };
		5B22D89C2BDEC18600B556F8 /* kz_meditation.jpg */ = {isa = PBXFileReference; lastKnownFileType = image.jpeg; path = kz_meditation.jpg; sourceTree = "<group>"; };
		5B25DB4A2BD6C4C40013904C /* Sleepy-Harmony-Info.plist */ = {isa = PBXFileReference; lastKnownFileType = text.plist; path = "Sleepy-Harmony-Info.plist"; sourceTree = SOURCE_ROOT; };
		5B517AA12BD38B1E00AF42FC /* eng_meditation.mp3 */ = {isa = PBXFileReference; lastKnownFileType = audio.mp3; path = eng_meditation.mp3; sourceTree = "<group>"; };
		5B79F6A52BD4CD8F003FDE18 /* HealthKit.framework */ = {isa = PBXFileReference; lastKnownFileType = wrapper.framework; name = HealthKit.framework; path = System/Library/Frameworks/HealthKit.framework; sourceTree = SDKROOT; };
		5B79F6AC2BD4D46B003FDE18 /* Sleepy Harmony.entitlements */ = {isa = PBXFileReference; lastKnownFileType = text.plist.entitlements; path = "Sleepy Harmony.entitlements"; sourceTree = "<group>"; };
		5B8AC9352BD26DAB005304E3 /* kz_meditation.mp3 */ = {isa = PBXFileReference; lastKnownFileType = audio.mp3; path = kz_meditation.mp3; sourceTree = "<group>"; };
		5B8AC9372BD26DFB005304E3 /* rus_meditation.mp3 */ = {isa = PBXFileReference; lastKnownFileType = audio.mp3; path = rus_meditation.mp3; sourceTree = "<group>"; };
		5B8AC93C2BD27170005304E3 /* bio-rythms.swift */ = {isa = PBXFileReference; fileEncoding = 4; lastKnownFileType = sourcecode.swift; path = "bio-rythms.swift"; sourceTree = "<group>"; };
		5B8AC93D2BD27170005304E3 /* ContentView.swift */ = {isa = PBXFileReference; fileEncoding = 4; lastKnownFileType = sourcecode.swift; path = ContentView.swift; sourceTree = "<group>"; };
		5B8AC93F2BD27170005304E3 /* about-us.swift */ = {isa = PBXFileReference; fileEncoding = 4; lastKnownFileType = sourcecode.swift; path = "about-us.swift"; sourceTree = "<group>"; };
		5BACBD792BDEB87100C47C5C /* icon.jpg */ = {isa = PBXFileReference; lastKnownFileType = image.jpeg; path = icon.jpg; sourceTree = "<group>"; };
		5BACBD7A2BDEB87100C47C5C /* bg_back.jpg */ = {isa = PBXFileReference; lastKnownFileType = image.jpeg; path = bg_back.jpg; sourceTree = "<group>"; };
		5BACBD7D2BDEB93300C47C5C /* eng_meditation.jpg */ = {isa = PBXFileReference; lastKnownFileType = image.jpeg; path = eng_meditation.jpg; sourceTree = "<group>"; };
		5BACBD7F2BDEB9D600C47C5C /* ChartView.swift */ = {isa = PBXFileReference; lastKnownFileType = sourcecode.swift; path = ChartView.swift; sourceTree = "<group>"; };
		5BACBD812BDEBA3B00C47C5C /* InterpolationMethod.swift */ = {isa = PBXFileReference; lastKnownFileType = sourcecode.swift; path = InterpolationMethod.swift; sourceTree = "<group>"; };
		5BACBD832BDEBA5800C47C5C /* Data.swift */ = {isa = PBXFileReference; lastKnownFileType = sourcecode.swift; path = Data.swift; sourceTree = "<group>"; };
		5BACBD852BDEBA8700C47C5C /* ChartType.swift */ = {isa = PBXFileReference; lastKnownFileType = sourcecode.swift; path = ChartType.swift; sourceTree = "<group>"; };
		5BACBD882BDEBB0400C47C5C /* AccessibilityHelper.swift */ = {isa = PBXFileReference; lastKnownFileType = sourcecode.swift; path = AccessibilityHelper.swift; sourceTree = "<group>"; };
		5BCB92C52BCD571200300D64 /* Sleepy Harmony.app */ = {isa = PBXFileReference; explicitFileType = wrapper.application; includeInIndex = 0; path = "Sleepy Harmony.app"; sourceTree = BUILT_PRODUCTS_DIR; };
		5BCB92C82BCD571200300D64 /* Sleepy_HarmonyApp.swift */ = {isa = PBXFileReference; lastKnownFileType = sourcecode.swift; path = Sleepy_HarmonyApp.swift; sourceTree = "<group>"; };
		5BCB92CC2BCD571300300D64 /* Assets.xcassets */ = {isa = PBXFileReference; lastKnownFileType = folder.assetcatalog; path = Assets.xcassets; sourceTree = "<group>"; };
		5BCB92CF2BCD571300300D64 /* Preview Assets.xcassets */ = {isa = PBXFileReference; lastKnownFileType = folder.assetcatalog; path = "Preview Assets.xcassets"; sourceTree = "<group>"; };
		5BEAB8142BD18C3C00FBE4A5 /* AVFoundation.framework */ = {isa = PBXFileReference; lastKnownFileType = wrapper.framework; name = AVFoundation.framework; path = System/Library/Frameworks/AVFoundation.framework; sourceTree = SDKROOT; };
		5BEAB8232BD1965100FBE4A5 /* Q_and_A.swift */ = {isa = PBXFileReference; fileEncoding = 4; lastKnownFileType = sourcecode.swift; path = Q_and_A.swift; sourceTree = "<group>"; };
		5BEAB8242BD1965100FBE4A5 /* RoundedCorner.swift */ = {isa = PBXFileReference; fileEncoding = 4; lastKnownFileType = sourcecode.swift; path = RoundedCorner.swift; sourceTree = "<group>"; };
		5BEAB8252BD1965100FBE4A5 /* BottomSheetView.swift */ = {isa = PBXFileReference; fileEncoding = 4; lastKnownFileType = sourcecode.swift; path = BottomSheetView.swift; sourceTree = "<group>"; };
		5BEAB8342BD1977600FBE4A5 /* zz.jpeg */ = {isa = PBXFileReference; lastKnownFileType = image.jpeg; path = zz.jpeg; sourceTree = "<group>"; };
		5BEAB8352BD1977600FBE4A5 /* mm.jpeg */ = {isa = PBXFileReference; lastKnownFileType = image.jpeg; path = mm.jpeg; sourceTree = "<group>"; };
		5BEAB8362BD1977600FBE4A5 /* Contact us concept.png */ = {isa = PBXFileReference; lastKnownFileType = image.png; path = "Contact us concept.png"; sourceTree = "<group>"; };
/* End PBXFileReference section */

/* Begin PBXFrameworksBuildPhase section */
		5BCB92C22BCD571200300D64 /* Frameworks */ = {
			isa = PBXFrameworksBuildPhase;
			buildActionMask = 2147483647;
			files = (
			);
			runOnlyForDeploymentPostprocessing = 0;
		};
/* End PBXFrameworksBuildPhase section */

/* Begin PBXGroup section */
		5B8AC93B2BD27152005304E3 /* Views */ = {
			isa = PBXGroup;
			children = (
				5B8AC93F2BD27170005304E3 /* about-us.swift */,
				5B8AC93C2BD27170005304E3 /* bio-rythms.swift */,
				5B8AC93D2BD27170005304E3 /* ContentView.swift */,
				5BACBD7F2BDEB9D600C47C5C /* ChartView.swift */,
			);
			path = Views;
			sourceTree = "<group>";
		};
		5BACBD872BDEBAF100C47C5C /* Utilities */ = {
			isa = PBXGroup;
			children = (
				5BACBD882BDEBB0400C47C5C /* AccessibilityHelper.swift */,
			);
			path = Utilities;
			sourceTree = "<group>";
		};
		5BCB92BC2BCD571200300D64 = {
			isa = PBXGroup;
			children = (
				5BCB92C72BCD571200300D64 /* Sleepy Harmony */,
				5BCB92C62BCD571200300D64 /* Products */,
				5BEAB8132BD18C3C00FBE4A5 /* Frameworks */,
			);
			sourceTree = "<group>";
		};
		5BCB92C62BCD571200300D64 /* Products */ = {
			isa = PBXGroup;
			children = (
				5BCB92C52BCD571200300D64 /* Sleepy Harmony.app */,
			);
			name = Products;
			sourceTree = "<group>";
		};
		5BCB92C72BCD571200300D64 /* Sleepy Harmony */ = {
			isa = PBXGroup;
			children = (
				5B25DB4A2BD6C4C40013904C /* Sleepy-Harmony-Info.plist */,
				5B79F6AC2BD4D46B003FDE18 /* Sleepy Harmony.entitlements */,
				5BEAB82B2BD1972F00FBE4A5 /* src */,
				5BACBD872BDEBAF100C47C5C /* Utilities */,
				5BEAB82A2BD1966600FBE4A5 /* Modules */,
				5B8AC93B2BD27152005304E3 /* Views */,
				5BCB92C82BCD571200300D64 /* Sleepy_HarmonyApp.swift */,
				5BCB92CC2BCD571300300D64 /* Assets.xcassets */,
				5BCB92CE2BCD571300300D64 /* Preview Content */,
			);
			path = "Sleepy Harmony";
			sourceTree = "<group>";
		};
		5BCB92CE2BCD571300300D64 /* Preview Content */ = {
			isa = PBXGroup;
			children = (
				5BCB92CF2BCD571300300D64 /* Preview Assets.xcassets */,
			);
			path = "Preview Content";
			sourceTree = "<group>";
		};
		5BEAB8132BD18C3C00FBE4A5 /* Frameworks */ = {
			isa = PBXGroup;
			children = (
				5B79F6A52BD4CD8F003FDE18 /* HealthKit.framework */,
				5BEAB8142BD18C3C00FBE4A5 /* AVFoundation.framework */,
			);
			name = Frameworks;
			sourceTree = "<group>";
		};
		5BEAB82A2BD1966600FBE4A5 /* Modules */ = {
			isa = PBXGroup;
			children = (
				5BEAB8232BD1965100FBE4A5 /* Q_and_A.swift */,
				5BEAB8242BD1965100FBE4A5 /* RoundedCorner.swift */,
				5BEAB8252BD1965100FBE4A5 /* BottomSheetView.swift */,
				5B0352822BD41140001FAA5A /* AudioModule.swift */,
				5BACBD812BDEBA3B00C47C5C /* InterpolationMethod.swift */,
				5BACBD832BDEBA5800C47C5C /* Data.swift */,
				5BACBD852BDEBA8700C47C5C /* ChartType.swift */,
			);
			path = Modules;
			sourceTree = "<group>";
		};
		5BEAB82B2BD1972F00FBE4A5 /* src */ = {
			isa = PBXGroup;
			children = (
				5BEAB82D2BD1975100FBE4A5 /* Image */,
				5BEAB82C2BD1974900FBE4A5 /* Music */,
			);
			path = src;
			sourceTree = "<group>";
		};
		5BEAB82C2BD1974900FBE4A5 /* Music */ = {
			isa = PBXGroup;
			children = (
				5B8AC9352BD26DAB005304E3 /* kz_meditation.mp3 */,
				5B8AC9372BD26DFB005304E3 /* rus_meditation.mp3 */,
				5B517AA12BD38B1E00AF42FC /* eng_meditation.mp3 */,
				5B0352892BD43692001FAA5A /* music.mp3 */,
				5B0352882BD43692001FAA5A /* music2.mp3 */,
			);
			path = Music;
			sourceTree = "<group>";
		};
		5BEAB82D2BD1975100FBE4A5 /* Image */ = {
			isa = PBXGroup;
			children = (
				5BEAB8362BD1977600FBE4A5 /* Contact us concept.png */,
				5BEAB8352BD1977600FBE4A5 /* mm.jpeg */,
				5BEAB8342BD1977600FBE4A5 /* zz.jpeg */,
				5B22D89C2BDEC18600B556F8 /* kz_meditation.jpg */,
				5BACBD7D2BDEB93300C47C5C /* eng_meditation.jpg */,
				5BACBD7A2BDEB87100C47C5C /* bg_back.jpg */,
				5BACBD792BDEB87100C47C5C /* icon.jpg */,
			);
			path = Image;
			sourceTree = "<group>";
		};
/* End PBXGroup section */

/* Begin PBXNativeTarget section */
		5BCB92C42BCD571200300D64 /* Sleepy Harmony */ = {
			isa = PBXNativeTarget;
			buildConfigurationList = 5BCB92D32BCD571300300D64 /* Build configuration list for PBXNativeTarget "Sleepy Harmony" */;
			buildPhases = (
				5BCB92C12BCD571200300D64 /* Sources */,
				5BCB92C22BCD571200300D64 /* Frameworks */,
				5BCB92C32BCD571200300D64 /* Resources */,
			);
			buildRules = (
			);
			dependencies = (
			);
			name = "Sleepy Harmony";
			productName = "Sleepy Harmony";
			productReference = 5BCB92C52BCD571200300D64 /* Sleepy Harmony.app */;
			productType = "com.apple.product-type.application";
		};
/* End PBXNativeTarget section */

/* Begin PBXProject section */
		5BCB92BD2BCD571200300D64 /* Project object */ = {
			isa = PBXProject;
			attributes = {
				BuildIndependentTargetsInParallel = 1;
				LastSwiftUpdateCheck = 1530;
				LastUpgradeCheck = 1530;
				TargetAttributes = {
					5BCB92C42BCD571200300D64 = {
						CreatedOnToolsVersion = 15.3;
					};
				};
			};
			buildConfigurationList = 5BCB92C02BCD571200300D64 /* Build configuration list for PBXProject "Sleepy Harmony" */;
			compatibilityVersion = "Xcode 14.0";
			developmentRegion = en;
			hasScannedForEncodings = 0;
			knownRegions = (
				en,
				Base,
			);
			mainGroup = 5BCB92BC2BCD571200300D64;
			productRefGroup = 5BCB92C62BCD571200300D64 /* Products */;
			projectDirPath = "";
			projectRoot = "";
			targets = (
				5BCB92C42BCD571200300D64 /* Sleepy Harmony */,
			);
		};
/* End PBXProject section */

/* Begin PBXResourcesBuildPhase section */
		5BCB92C32BCD571200300D64 /* Resources */ = {
			isa = PBXResourcesBuildPhase;
			buildActionMask = 2147483647;
			files = (
				5B03528B2BD43692001FAA5A /* music.mp3 in Resources */,
				5BCB92D02BCD571300300D64 /* Preview Assets.xcassets in Resources */,
				5B22D89D2BDEC18600B556F8 /* kz_meditation.jpg in Resources */,
				5BEAB8392BD1977600FBE4A5 /* Contact us concept.png in Resources */,
				5B8AC9382BD26DFB005304E3 /* rus_meditation.mp3 in Resources */,
				5BEAB8382BD1977600FBE4A5 /* mm.jpeg in Resources */,
				5BEAB8372BD1977600FBE4A5 /* zz.jpeg in Resources */,
				5BACBD7B2BDEB87100C47C5C /* icon.jpg in Resources */,
				5BACBD7C2BDEB87100C47C5C /* bg_back.jpg in Resources */,
				5BCB92CD2BCD571300300D64 /* Assets.xcassets in Resources */,
				5B03528A2BD43692001FAA5A /* music2.mp3 in Resources */,
				5BACBD7E2BDEB93300C47C5C /* eng_meditation.jpg in Resources */,
				5B8AC9362BD26DAB005304E3 /* kz_meditation.mp3 in Resources */,
				5B517AA22BD38B1E00AF42FC /* eng_meditation.mp3 in Resources */,
			);
			runOnlyForDeploymentPostprocessing = 0;
		};
/* End PBXResourcesBuildPhase section */

/* Begin PBXSourcesBuildPhase section */
		5BCB92C12BCD571200300D64 /* Sources */ = {
			isa = PBXSourcesBuildPhase;
			buildActionMask = 2147483647;
			files = (
				5BEAB8282BD1965100FBE4A5 /* BottomSheetView.swift in Sources */,
				5BACBD822BDEBA3B00C47C5C /* InterpolationMethod.swift in Sources */,
				5BACBD862BDEBA8700C47C5C /* ChartType.swift in Sources */,
				5B8AC9402BD27170005304E3 /* bio-rythms.swift in Sources */,
				5BACBD892BDEBB0400C47C5C /* AccessibilityHelper.swift in Sources */,
				5B8AC9412BD27170005304E3 /* ContentView.swift in Sources */,
				5BCB92C92BCD571200300D64 /* Sleepy_HarmonyApp.swift in Sources */,
				5B8AC9432BD27170005304E3 /* about-us.swift in Sources */,
				5BEAB8262BD1965100FBE4A5 /* Q_and_A.swift in Sources */,
				5BACBD842BDEBA5800C47C5C /* Data.swift in Sources */,
				5BACBD802BDEB9D600C47C5C /* ChartView.swift in Sources */,
				5B0352832BD41140001FAA5A /* AudioModule.swift in Sources */,
				5BEAB8272BD1965100FBE4A5 /* RoundedCorner.swift in Sources */,
			);
			runOnlyForDeploymentPostprocessing = 0;
		};
/* End PBXSourcesBuildPhase section */

/* Begin XCBuildConfiguration section */
		5BCB92D12BCD571300300D64 /* Debug */ = {
			isa = XCBuildConfiguration;
			buildSettings = {
				ALWAYS_SEARCH_USER_PATHS = NO;
				ASSETCATALOG_COMPILER_GENERATE_SWIFT_ASSET_SYMBOL_EXTENSIONS = YES;
				CLANG_ANALYZER_NONNULL = YES;
				CLANG_ANALYZER_NUMBER_OBJECT_CONVERSION = YES_AGGRESSIVE;
				CLANG_CXX_LANGUAGE_STANDARD = "gnu++20";
				CLANG_ENABLE_MODULES = YES;
				CLANG_ENABLE_OBJC_ARC = YES;
				CLANG_ENABLE_OBJC_WEAK = YES;
				CLANG_WARN_BLOCK_CAPTURE_AUTORELEASING = YES;
				CLANG_WARN_BOOL_CONVERSION = YES;
				CLANG_WARN_COMMA = YES;
				CLANG_WARN_CONSTANT_CONVERSION = YES;
				CLANG_WARN_DEPRECATED_OBJC_IMPLEMENTATIONS = YES;
				CLANG_WARN_DIRECT_OBJC_ISA_USAGE = YES_ERROR;
				CLANG_WARN_DOCUMENTATION_COMMENTS = YES;
				CLANG_WARN_EMPTY_BODY = YES;
				CLANG_WARN_ENUM_CONVERSION = YES;
				CLANG_WARN_INFINITE_RECURSION = YES;
				CLANG_WARN_INT_CONVERSION = YES;
				CLANG_WARN_NON_LITERAL_NULL_CONVERSION = YES;
				CLANG_WARN_OBJC_IMPLICIT_RETAIN_SELF = YES;
				CLANG_WARN_OBJC_LITERAL_CONVERSION = YES;
				CLANG_WARN_OBJC_ROOT_CLASS = YES_ERROR;
				CLANG_WARN_QUOTED_INCLUDE_IN_FRAMEWORK_HEADER = YES;
				CLANG_WARN_RANGE_LOOP_ANALYSIS = YES;
				CLANG_WARN_STRICT_PROTOTYPES = YES;
				CLANG_WARN_SUSPICIOUS_MOVE = YES;
				CLANG_WARN_UNGUARDED_AVAILABILITY = YES_AGGRESSIVE;
				CLANG_WARN_UNREACHABLE_CODE = YES;
				CLANG_WARN__DUPLICATE_METHOD_MATCH = YES;
				COPY_PHASE_STRIP = NO;
				DEBUG_INFORMATION_FORMAT = dwarf;
				ENABLE_STRICT_OBJC_MSGSEND = YES;
				ENABLE_TESTABILITY = YES;
				ENABLE_USER_SCRIPT_SANDBOXING = YES;
				GCC_C_LANGUAGE_STANDARD = gnu17;
				GCC_DYNAMIC_NO_PIC = NO;
				GCC_NO_COMMON_BLOCKS = YES;
				GCC_OPTIMIZATION_LEVEL = 0;
				GCC_PREPROCESSOR_DEFINITIONS = (
					"DEBUG=1",
					"$(inherited)",
				);
				GCC_WARN_64_TO_32_BIT_CONVERSION = YES;
				GCC_WARN_ABOUT_RETURN_TYPE = YES_ERROR;
				GCC_WARN_UNDECLARED_SELECTOR = YES;
				GCC_WARN_UNINITIALIZED_AUTOS = YES_AGGRESSIVE;
				GCC_WARN_UNUSED_FUNCTION = YES;
				GCC_WARN_UNUSED_VARIABLE = YES;
				IPHONEOS_DEPLOYMENT_TARGET = 17.4;
				LOCALIZATION_PREFERS_STRING_CATALOGS = YES;
				MTL_ENABLE_DEBUG_INFO = INCLUDE_SOURCE;
				MTL_FAST_MATH = YES;
				ONLY_ACTIVE_ARCH = YES;
				SDKROOT = iphoneos;
				SWIFT_ACTIVE_COMPILATION_CONDITIONS = "DEBUG $(inherited)";
				SWIFT_OPTIMIZATION_LEVEL = "-Onone";
			};
			name = Debug;
		};
		5BCB92D22BCD571300300D64 /* Release */ = {
			isa = XCBuildConfiguration;
			buildSettings = {
				ALWAYS_SEARCH_USER_PATHS = NO;
				ASSETCATALOG_COMPILER_GENERATE_SWIFT_ASSET_SYMBOL_EXTENSIONS = YES;
				CLANG_ANALYZER_NONNULL = YES;
				CLANG_ANALYZER_NUMBER_OBJECT_CONVERSION = YES_AGGRESSIVE;
				CLANG_CXX_LANGUAGE_STANDARD = "gnu++20";
				CLANG_ENABLE_MODULES = YES;
				CLANG_ENABLE_OBJC_ARC = YES;
				CLANG_ENABLE_OBJC_WEAK = YES;
				CLANG_WARN_BLOCK_CAPTURE_AUTORELEASING = YES;
				CLANG_WARN_BOOL_CONVERSION = YES;
				CLANG_WARN_COMMA = YES;
				CLANG_WARN_CONSTANT_CONVERSION = YES;
				CLANG_WARN_DEPRECATED_OBJC_IMPLEMENTATIONS = YES;
				CLANG_WARN_DIRECT_OBJC_ISA_USAGE = YES_ERROR;
				CLANG_WARN_DOCUMENTATION_COMMENTS = YES;
				CLANG_WARN_EMPTY_BODY = YES;
				CLANG_WARN_ENUM_CONVERSION = YES;
				CLANG_WARN_INFINITE_RECURSION = YES;
				CLANG_WARN_INT_CONVERSION = YES;
				CLANG_WARN_NON_LITERAL_NULL_CONVERSION = YES;
				CLANG_WARN_OBJC_IMPLICIT_RETAIN_SELF = YES;
				CLANG_WARN_OBJC_LITERAL_CONVERSION = YES;
				CLANG_WARN_OBJC_ROOT_CLASS = YES_ERROR;
				CLANG_WARN_QUOTED_INCLUDE_IN_FRAMEWORK_HEADER = YES;
				CLANG_WARN_RANGE_LOOP_ANALYSIS = YES;
				CLANG_WARN_STRICT_PROTOTYPES = YES;
				CLANG_WARN_SUSPICIOUS_MOVE = YES;
				CLANG_WARN_UNGUARDED_AVAILABILITY = YES_AGGRESSIVE;
				CLANG_WARN_UNREACHABLE_CODE = YES;
				CLANG_WARN__DUPLICATE_METHOD_MATCH = YES;
				COPY_PHASE_STRIP = NO;
				DEBUG_INFORMATION_FORMAT = "dwarf-with-dsym";
				ENABLE_NS_ASSERTIONS = NO;
				ENABLE_STRICT_OBJC_MSGSEND = YES;
				ENABLE_USER_SCRIPT_SANDBOXING = YES;
				GCC_C_LANGUAGE_STANDARD = gnu17;
				GCC_NO_COMMON_BLOCKS = YES;
				GCC_WARN_64_TO_32_BIT_CONVERSION = YES;
				GCC_WARN_ABOUT_RETURN_TYPE = YES_ERROR;
				GCC_WARN_UNDECLARED_SELECTOR = YES;
				GCC_WARN_UNINITIALIZED_AUTOS = YES_AGGRESSIVE;
				GCC_WARN_UNUSED_FUNCTION = YES;
				GCC_WARN_UNUSED_VARIABLE = YES;
				IPHONEOS_DEPLOYMENT_TARGET = 17.4;
				LOCALIZATION_PREFERS_STRING_CATALOGS = YES;
				MTL_ENABLE_DEBUG_INFO = NO;
				MTL_FAST_MATH = YES;
				SDKROOT = iphoneos;
				SWIFT_COMPILATION_MODE = wholemodule;
				VALIDATE_PRODUCT = YES;
			};
			name = Release;
		};
		5BCB92D42BCD571300300D64 /* Debug */ = {
			isa = XCBuildConfiguration;
			buildSettings = {
				ASSETCATALOG_COMPILER_APPICON_NAME = AppIcon;
				ASSETCATALOG_COMPILER_GLOBAL_ACCENT_COLOR_NAME = AccentColor;
				CODE_SIGN_ENTITLEMENTS = "Sleepy Harmony/Sleepy Harmony.entitlements";
				CODE_SIGN_STYLE = Automatic;
				CURRENT_PROJECT_VERSION = 1;
				DEVELOPMENT_ASSET_PATHS = "\"Sleepy Harmony/Preview Content\"";
				DEVELOPMENT_TEAM = T6A39WDUUX;
				ENABLE_PREVIEWS = YES;
				GENERATE_INFOPLIST_FILE = YES;
				INFOPLIST_FILE = "Sleepy-Harmony-Info.plist";
				INFOPLIST_KEY_CFBundleDisplayName = "";
				INFOPLIST_KEY_LSApplicationCategoryType = "public.app-category.healthcare-fitness";
				INFOPLIST_KEY_NSHealthShareUsageDescription = "Please allow access to enjoy all the features of uor application";
				INFOPLIST_KEY_UIApplicationSceneManifest_Generation = YES;
				INFOPLIST_KEY_UIApplicationSupportsIndirectInputEvents = YES;
				INFOPLIST_KEY_UILaunchScreen_Generation = YES;
				INFOPLIST_KEY_UIStatusBarStyle = "";
				INFOPLIST_KEY_UISupportedInterfaceOrientations = UIInterfaceOrientationPortrait;
				INFOPLIST_KEY_UISupportedInterfaceOrientations_iPad = "UIInterfaceOrientationLandscapeLeft UIInterfaceOrientationLandscapeRight UIInterfaceOrientationPortrait UIInterfaceOrientationPortraitUpsideDown";
				IPHONEOS_DEPLOYMENT_TARGET = 17.0;
				LD_RUNPATH_SEARCH_PATHS = (
					"$(inherited)",
					"@executable_path/Frameworks",
				);
				MARKETING_VERSION = 1.0;
				PRODUCT_BUNDLE_IDENTIFIER = "dream-crafters.Sleepy-Harmony";
				PRODUCT_NAME = "$(TARGET_NAME)";
				SWIFT_EMIT_LOC_STRINGS = YES;
				SWIFT_VERSION = 5.0;
				TARGETED_DEVICE_FAMILY = "1,2";
			};
			name = Debug;
		};
		5BCB92D52BCD571300300D64 /* Release */ = {
			isa = XCBuildConfiguration;
			buildSettings = {
				ASSETCATALOG_COMPILER_APPICON_NAME = AppIcon;
				ASSETCATALOG_COMPILER_GLOBAL_ACCENT_COLOR_NAME = AccentColor;
				CODE_SIGN_ENTITLEMENTS = "Sleepy Harmony/Sleepy Harmony.entitlements";
				CODE_SIGN_STYLE = Automatic;
				CURRENT_PROJECT_VERSION = 1;
				DEVELOPMENT_ASSET_PATHS = "\"Sleepy Harmony/Preview Content\"";
				DEVELOPMENT_TEAM = T6A39WDUUX;
				ENABLE_PREVIEWS = YES;
				GENERATE_INFOPLIST_FILE = YES;
				INFOPLIST_FILE = "Sleepy-Harmony-Info.plist";
				INFOPLIST_KEY_CFBundleDisplayName = "";
				INFOPLIST_KEY_LSApplicationCategoryType = "public.app-category.healthcare-fitness";
				INFOPLIST_KEY_NSHealthShareUsageDescription = "Please allow access to enjoy all the features of uor application";
				INFOPLIST_KEY_UIApplicationSceneManifest_Generation = YES;
				INFOPLIST_KEY_UIApplicationSupportsIndirectInputEvents = YES;
				INFOPLIST_KEY_UILaunchScreen_Generation = YES;
				INFOPLIST_KEY_UIStatusBarStyle = "";
				INFOPLIST_KEY_UISupportedInterfaceOrientations = UIInterfaceOrientationPortrait;
				INFOPLIST_KEY_UISupportedInterfaceOrientations_iPad = "UIInterfaceOrientationLandscapeLeft UIInterfaceOrientationLandscapeRight UIInterfaceOrientationPortrait UIInterfaceOrientationPortraitUpsideDown";
				IPHONEOS_DEPLOYMENT_TARGET = 17.0;
				LD_RUNPATH_SEARCH_PATHS = (
					"$(inherited)",
					"@executable_path/Frameworks",
				);
				MARKETING_VERSION = 1.0;
				PRODUCT_BUNDLE_IDENTIFIER = "dream-crafters.Sleepy-Harmony";
				PRODUCT_NAME = "$(TARGET_NAME)";
				SWIFT_EMIT_LOC_STRINGS = YES;
				SWIFT_VERSION = 5.0;
				TARGETED_DEVICE_FAMILY = "1,2";
			};
			name = Release;
		};
/* End XCBuildConfiguration section */

/* Begin XCConfigurationList section */
		5BCB92C02BCD571200300D64 /* Build configuration list for PBXProject "Sleepy Harmony" */ = {
			isa = XCConfigurationList;
			buildConfigurations = (
				5BCB92D12BCD571300300D64 /* Debug */,
				5BCB92D22BCD571300300D64 /* Release */,
			);
			defaultConfigurationIsVisible = 0;
			defaultConfigurationName = Release;
		};
		5BCB92D32BCD571300300D64 /* Build configuration list for PBXNativeTarget "Sleepy Harmony" */ = {
			isa = XCConfigurationList;
			buildConfigurations = (
				5BCB92D42BCD571300300D64 /* Debug */,
				5BCB92D52BCD571300300D64 /* Release */,
			);
			defaultConfigurationIsVisible = 0;
			defaultConfigurationName = Release;
		};
/* End XCConfigurationList section */
	};
	rootObject = 5BCB92BD2BCD571200300D64 /* Project object */;
}
